NeoBundleLock agit.vim d40a688b60aeb562801a7be58953f84d611639eb
NeoBundleLock echodoc c263392424757922fb188da381f1025fcb1608bc
NeoBundleLock lightline.vim ac5e6df5cac0f3ff3078c51f715978288a5c351d
NeoBundleLock neobundle.vim 380d9d299300019c0a9970ae6b87faabedab0747
NeoBundleLock neocomplete.vim 81d39635625730ca43f08762e2908b96e7b7f077
NeoBundleLock nerdtree 15445be5fb2559829ac7a1f05af5d713586e8ec9
NeoBundleLock unite-colorscheme 3aa33866a183f7659594a3f6b66b2334eaebc6a0
NeoBundleLock unite.vim 5fd81feec7ff3f94173ecb10e3dee98aaef26e5d
NeoBundleLock vim-fugitive 3439f999b138254e4bb56187fc91f91f545b4b12
NeoBundleLock vim-surround 2d05440ad23f97a7874ebd9b5de3a0e65d25d85c
NeoBundleLock vim-textmanip 5382160a3a1831de711079ad62982eccb3f34016
NeoBundleLock vimfiler.vim 3d8005116768ec97d300309be3cb339580e7e14b
NeoBundleLock vimshell.vim bdcd197b701734a743903c7547e9f56842701614
