NeoBundleLock agit.vim 84491fbef674da3173b1e774c27d25d446b572eb
NeoBundleLock echodoc 84491fbef674da3173b1e774c27d25d446b572eb
NeoBundleLock lightline.vim 84491fbef674da3173b1e774c27d25d446b572eb
NeoBundleLock neobundle.vim 30c40ccbfc6371fb922eece6e0657eb5da9e479b
NeoBundleLock neocomplete.vim 84491fbef674da3173b1e774c27d25d446b572eb
NeoBundleLock nerdtree 84491fbef674da3173b1e774c27d25d446b572eb
NeoBundleLock unite-colorscheme 84491fbef674da3173b1e774c27d25d446b572eb
NeoBundleLock unite.vim 84491fbef674da3173b1e774c27d25d446b572eb
NeoBundleLock vim-commentary 73e0d9a9d1f51b6cc9dc965f62669194ae851cb1
NeoBundleLock vim-cursorword 84491fbef674da3173b1e774c27d25d446b572eb
NeoBundleLock vim-fugitive 84491fbef674da3173b1e774c27d25d446b572eb
NeoBundleLock vim-parenmatch 84491fbef674da3173b1e774c27d25d446b572eb
NeoBundleLock vim-repeat 84491fbef674da3173b1e774c27d25d446b572eb
NeoBundleLock vim-surround 84491fbef674da3173b1e774c27d25d446b572eb
NeoBundleLock vim-textmanip 84491fbef674da3173b1e774c27d25d446b572eb
NeoBundleLock vim-trailing-whitespace 733fb64337b6da4a51c85a43450cd620d8b617b5
NeoBundleLock vimfiler.vim 84491fbef674da3173b1e774c27d25d446b572eb
NeoBundleLock vimshell.vim 84491fbef674da3173b1e774c27d25d446b572eb
