NeoBundleLock agit.vim 707a24cb112422c27d8ccc758325fcb620480f66
NeoBundleLock echodoc 707a24cb112422c27d8ccc758325fcb620480f66
NeoBundleLock lightline.vim 707a24cb112422c27d8ccc758325fcb620480f66
NeoBundleLock neobundle.vim 380d9d299300019c0a9970ae6b87faabedab0747
NeoBundleLock neocomplete.vim 707a24cb112422c27d8ccc758325fcb620480f66
NeoBundleLock nerdtree 707a24cb112422c27d8ccc758325fcb620480f66
NeoBundleLock unite-colorscheme 707a24cb112422c27d8ccc758325fcb620480f66
NeoBundleLock unite.vim 707a24cb112422c27d8ccc758325fcb620480f66
NeoBundleLock vim-commentary 73e0d9a9d1f51b6cc9dc965f62669194ae851cb1
NeoBundleLock vim-cursorword 707a24cb112422c27d8ccc758325fcb620480f66
NeoBundleLock vim-fugitive 707a24cb112422c27d8ccc758325fcb620480f66
NeoBundleLock vim-parenmatch 707a24cb112422c27d8ccc758325fcb620480f66
NeoBundleLock vim-repeat 707a24cb112422c27d8ccc758325fcb620480f66
NeoBundleLock vim-surround 707a24cb112422c27d8ccc758325fcb620480f66
NeoBundleLock vim-textmanip 707a24cb112422c27d8ccc758325fcb620480f66
NeoBundleLock vim-textobj-entire 41c12e1d957f9247cf31b7444a3077c581d2776c
NeoBundleLock vimfiler.vim 707a24cb112422c27d8ccc758325fcb620480f66
NeoBundleLock vimshell.vim 707a24cb112422c27d8ccc758325fcb620480f66
